
Microsoft Visual Studio Solution File, Format Version 12.00
# Visual Studio Version 16
VisualStudioVersion = 16.0.29424.173
MinimumVisualStudioVersion = 10.0.40219.1
Project("{FAE04EC0-301F-11D3-BF4B-00C04F79EFBC}") = "API_PetShop", "API_PetShop\API_PetShop.csproj", "{079ECBDA-37E2-40EB-9DC7-26EEE2D66824}"
EndProject
Global
	GlobalSection(SolutionConfigurationPlatforms) = preSolution
		Debug|Any CPU = Debug|Any CPU
		Release|Any CPU = Release|Any CPU
	EndGlobalSection
	GlobalSection(ProjectConfigurationPlatforms) = postSolution
		{079ECBDA-37E2-40EB-9DC7-26EEE2D66824}.Debug|Any CPU.ActiveCfg = Debug|Any CPU
		{079ECBDA-37E2-40EB-9DC7-26EEE2D66824}.Debug|Any CPU.Build.0 = Debug|Any CPU
		{079ECBDA-37E2-40EB-9DC7-26EEE2D66824}.Release|Any CPU.ActiveCfg = Release|Any CPU
		{079ECBDA-37E2-40EB-9DC7-26EEE2D66824}.Release|Any CPU.Build.0 = Release|Any CPU
	EndGlobalSection
	GlobalSection(SolutionProperties) = preSolution
		HideSolutionNode = FALSE
	EndGlobalSection
	GlobalSection(ExtensibilityGlobals) = postSolution
		SolutionGuid = {0415823D-838C-4461-B468-BE13D909BBFC}
	EndGlobalSection
EndGlobal
